
Microsoft Visual Studio Solution File, Format Version 12.00
# Visual Studio Version 17
VisualStudioVersion = 17.8.34330.188
MinimumVisualStudioVersion = 10.0.40219.1
Project("{9A19103F-16F7-4668-BE54-9A1E7A4F7556}") = "TarefasApp.Services", "TarefasApp.Services\TarefasApp.Services.csproj", "{1C8D2B58-9A60-416B-BE4C-9E86AB5FBE89}"
EndProject
Project("{2150E333-8FDC-42A3-9474-1A3956D46DE8}") = "1- Camada de serviço", "1- Camada de serviço", "{3C47C21F-F1AB-4686-B654-EB87BC291355}"
EndProject
Project("{2150E333-8FDC-42A3-9474-1A3956D46DE8}") = "2- Camada de domínio", "2- Camada de domínio", "{14362F8F-F7BA-42BB-AEB9-E583F7223855}"
EndProject
Project("{2150E333-8FDC-42A3-9474-1A3956D46DE8}") = "3- Camada de infraestrutura", "3- Camada de infraestrutura", "{E3FC6C24-D9EA-458F-B336-C15D46CBE42E}"
EndProject
Project("{9A19103F-16F7-4668-BE54-9A1E7A4F7556}") = "TarefasApp.Domain", "TarefasApp.Domain\TarefasApp.Domain.csproj", "{B8A048DB-77D9-46A2-9A3F-24FAA3CCB376}"
EndProject
Project("{9A19103F-16F7-4668-BE54-9A1E7A4F7556}") = "TarefasApp.Infra.Data", "TarefasApp.Infra.Data\TarefasApp.Infra.Data.csproj", "{2B753603-2249-4183-9ABE-551869901E66}"
EndProject
Global
	GlobalSection(SolutionConfigurationPlatforms) = preSolution
		Debug|Any CPU = Debug|Any CPU
		Release|Any CPU = Release|Any CPU
	EndGlobalSection
	GlobalSection(ProjectConfigurationPlatforms) = postSolution
		{1C8D2B58-9A60-416B-BE4C-9E86AB5FBE89}.Debug|Any CPU.ActiveCfg = Debug|Any CPU
		{1C8D2B58-9A60-416B-BE4C-9E86AB5FBE89}.Debug|Any CPU.Build.0 = Debug|Any CPU
		{1C8D2B58-9A60-416B-BE4C-9E86AB5FBE89}.Release|Any CPU.ActiveCfg = Release|Any CPU
		{1C8D2B58-9A60-416B-BE4C-9E86AB5FBE89}.Release|Any CPU.Build.0 = Release|Any CPU
		{B8A048DB-77D9-46A2-9A3F-24FAA3CCB376}.Debug|Any CPU.ActiveCfg = Debug|Any CPU
		{B8A048DB-77D9-46A2-9A3F-24FAA3CCB376}.Debug|Any CPU.Build.0 = Debug|Any CPU
		{B8A048DB-77D9-46A2-9A3F-24FAA3CCB376}.Release|Any CPU.ActiveCfg = Release|Any CPU
		{B8A048DB-77D9-46A2-9A3F-24FAA3CCB376}.Release|Any CPU.Build.0 = Release|Any CPU
		{2B753603-2249-4183-9ABE-551869901E66}.Debug|Any CPU.ActiveCfg = Debug|Any CPU
		{2B753603-2249-4183-9ABE-551869901E66}.Debug|Any CPU.Build.0 = Debug|Any CPU
		{2B753603-2249-4183-9ABE-551869901E66}.Release|Any CPU.ActiveCfg = Release|Any CPU
		{2B753603-2249-4183-9ABE-551869901E66}.Release|Any CPU.Build.0 = Release|Any CPU
	EndGlobalSection
	GlobalSection(SolutionProperties) = preSolution
		HideSolutionNode = FALSE
	EndGlobalSection
	GlobalSection(NestedProjects) = preSolution
		{1C8D2B58-9A60-416B-BE4C-9E86AB5FBE89} = {3C47C21F-F1AB-4686-B654-EB87BC291355}
		{B8A048DB-77D9-46A2-9A3F-24FAA3CCB376} = {14362F8F-F7BA-42BB-AEB9-E583F7223855}
		{2B753603-2249-4183-9ABE-551869901E66} = {E3FC6C24-D9EA-458F-B336-C15D46CBE42E}
	EndGlobalSection
	GlobalSection(ExtensibilityGlobals) = postSolution
		SolutionGuid = {4A73070D-67D3-41CF-AE61-3B931A0C407A}
	EndGlobalSection
EndGlobal
