
Microsoft Visual Studio Solution File, Format Version 12.00
# Visual Studio Version 17
VisualStudioVersion = 17.8.34330.188
MinimumVisualStudioVersion = 10.0.40219.1
Project("{FAE04EC0-301F-11D3-BF4B-00C04F79EFBC}") = "TarefasApp.Services", "TarefasApp.Services\TarefasApp.Services.csproj", "{1C8D2B58-9A60-416B-BE4C-9E86AB5FBE89}"
EndProject
Global
	GlobalSection(SolutionConfigurationPlatforms) = preSolution
		Debug|Any CPU = Debug|Any CPU
		Release|Any CPU = Release|Any CPU
	EndGlobalSection
	GlobalSection(ProjectConfigurationPlatforms) = postSolution
		{1C8D2B58-9A60-416B-BE4C-9E86AB5FBE89}.Debug|Any CPU.ActiveCfg = Debug|Any CPU
		{1C8D2B58-9A60-416B-BE4C-9E86AB5FBE89}.Debug|Any CPU.Build.0 = Debug|Any CPU
		{1C8D2B58-9A60-416B-BE4C-9E86AB5FBE89}.Release|Any CPU.ActiveCfg = Release|Any CPU
		{1C8D2B58-9A60-416B-BE4C-9E86AB5FBE89}.Release|Any CPU.Build.0 = Release|Any CPU
	EndGlobalSection
	GlobalSection(SolutionProperties) = preSolution
		HideSolutionNode = FALSE
	EndGlobalSection
	GlobalSection(ExtensibilityGlobals) = postSolution
		SolutionGuid = {4A73070D-67D3-41CF-AE61-3B931A0C407A}
	EndGlobalSection
EndGlobal
